{
  "originHash" : "45c354dfa02f58e0bb1343f1ddb5fb55ab51c4530bfdb3f6b217cbb5a4e8bdd1",
  "pins" : [
    {
      "identity" : "kingfisher",
      "kind" : "remoteSourceControl",
      "location" : "https://github.com/onevcat/Kingfisher.git",
      "state" : {
        "revision" : "7deda23bbdca612076c5c315003d8638a08ed0f1",
        "version" : "8.3.2"
      }
    },
    {
      "identity" : "variablur",
      "kind" : "remoteSourceControl",
      "location" : "https://github.com/daprice/Variablur.git",
      "state" : {
        "branch" : "main",
        "revision" : "29fdd8c5e2721c1706b0ed8008d516f8d8d75879"
      }
    }
  ],
  "version" : 3
}
